
Microsoft Visual Studio Solution File, Format Version 12.00
# Visual Studio Version 17
VisualStudioVersion = 17.11.35327.3
MinimumVisualStudioVersion = 10.0.40219.1
Project("{9A19103F-16F7-4668-BE54-9A1E7A4F7556}") = "AsyncTools", "AsyncTools\AsyncTools.csproj", "{C756061B-6E3C-454A-92CE-E64D2B5A8DE7}"
EndProject
Project("{2150E333-8FDC-42A3-9474-1A3956D46DE8}") = "Solution Items", "Solution Items", "{F6F3E598-A5A6-4918-9A90-96C8A878D5D8}"
	ProjectSection(SolutionItems) = preProject
		..\Directory.Build.props = ..\Directory.Build.props
		..\Directory.Packages.props = ..\Directory.Packages.props
		..\.github\workflows\dotnet.yml = ..\.github\workflows\dotnet.yml
		..\LICENSE = ..\LICENSE
		..\README.md = ..\README.md
	EndProjectSection
EndProject
Project("{9A19103F-16F7-4668-BE54-9A1E7A4F7556}") = "AsyncTools.Tests", "AsyncTools.Tests\AsyncTools.Tests.csproj", "{5891102B-8EC9-441D-81F5-D68358D869D5}"
EndProject
Global
	GlobalSection(SolutionConfigurationPlatforms) = preSolution
		Debug|Any CPU = Debug|Any CPU
		Release|Any CPU = Release|Any CPU
	EndGlobalSection
	GlobalSection(ProjectConfigurationPlatforms) = postSolution
		{C756061B-6E3C-454A-92CE-E64D2B5A8DE7}.Debug|Any CPU.ActiveCfg = Debug|Any CPU
		{C756061B-6E3C-454A-92CE-E64D2B5A8DE7}.Debug|Any CPU.Build.0 = Debug|Any CPU
		{C756061B-6E3C-454A-92CE-E64D2B5A8DE7}.Release|Any CPU.ActiveCfg = Release|Any CPU
		{C756061B-6E3C-454A-92CE-E64D2B5A8DE7}.Release|Any CPU.Build.0 = Release|Any CPU
		{5891102B-8EC9-441D-81F5-D68358D869D5}.Debug|Any CPU.ActiveCfg = Debug|Any CPU
		{5891102B-8EC9-441D-81F5-D68358D869D5}.Debug|Any CPU.Build.0 = Debug|Any CPU
		{5891102B-8EC9-441D-81F5-D68358D869D5}.Release|Any CPU.ActiveCfg = Release|Any CPU
		{5891102B-8EC9-441D-81F5-D68358D869D5}.Release|Any CPU.Build.0 = Release|Any CPU
	EndGlobalSection
	GlobalSection(SolutionProperties) = preSolution
		HideSolutionNode = FALSE
	EndGlobalSection
	GlobalSection(ExtensibilityGlobals) = postSolution
		SolutionGuid = {E5CCDF84-0DD5-46A7-BFC1-06272A0514BC}
	EndGlobalSection
EndGlobal
